
Microsoft Visual Studio Solution File, Format Version 11.00
# Visual Studio 2010
Project("{FAE04EC0-301F-11D3-BF4B-00C04F79EFBC}") = "DamnBirdPrototype", "Assembly-CSharp.csproj", "{F4C7BA37-A1BE-6B12-1607-1968C96EC094}"
EndProject
Global
	GlobalSection(SolutionConfigurationPlatforms) = preSolution
		Debug|Any CPU = Debug|Any CPU
		Release|Any CPU = Release|Any CPU
	EndGlobalSection
	GlobalSection(ProjectConfigurationPlatforms) = postSolution
		{F4C7BA37-A1BE-6B12-1607-1968C96EC094}.Debug|Any CPU.ActiveCfg = Debug|Any CPU
		{F4C7BA37-A1BE-6B12-1607-1968C96EC094}.Debug|Any CPU.Build.0 = Debug|Any CPU
		{F4C7BA37-A1BE-6B12-1607-1968C96EC094}.Release|Any CPU.ActiveCfg = Release|Any CPU
		{F4C7BA37-A1BE-6B12-1607-1968C96EC094}.Release|Any CPU.Build.0 = Release|Any CPU
	EndGlobalSection
	GlobalSection(SolutionProperties) = preSolution
		HideSolutionNode = FALSE
	EndGlobalSection
	GlobalSection(MonoDevelopProperties) = preSolution
		StartupItem = Assembly-CSharp.csproj
	EndGlobalSection
EndGlobal
